
Microsoft Visual Studio Solution File, Format Version 12.00
# Visual Studio Version 16
VisualStudioVersion = 16.0.33927.289
MinimumVisualStudioVersion = 10.0.40219.1
Project("{2150E333-8FDC-42A3-9474-1A3956D46DE8}") = "Task0", "Task0", "{FED877CE-651E-467E-9C70-224FEB8398D7}"
EndProject
Project("{FAE04EC0-301F-11D3-BF4B-00C04F79EFBC}") = "Tyuiu.MorozAD.Sprint1.Task0.V0", "Tyuiu.MorozAD.Sprint1.Task0.V0\Tyuiu.MorozAD.Sprint1.Task0.V0.csproj", "{C8EF3D23-FEBA-422E-AA5A-C1E3BBFCD107}"
EndProject
Project("{FAE04EC0-301F-11D3-BF4B-00C04F79EFBC}") = "Tyuiu.MorozAD.Sprint0.Task1.V0.Lib", "Tyuiu.MorozAD.Sprint0.Task1.V0.Lib\Tyuiu.MorozAD.Sprint0.Task1.V0.Lib.csproj", "{B704E504-7D65-4D71-B9AE-AC274BE10BBA}"
EndProject
Project("{FAE04EC0-301F-11D3-BF4B-00C04F79EFBC}") = "Tyuiu.MorozAD.Sprint0.Task1.V0.Test", "Tyuiu.MorozAD.Sprint0.Task1.V0.Test\Tyuiu.MorozAD.Sprint0.Task1.V0.Test.csproj", "{7AB7EECB-B28B-4573-97D4-DF59F19D222A}"
EndProject
Global
	GlobalSection(SolutionConfigurationPlatforms) = preSolution
		Debug|Any CPU = Debug|Any CPU
		Release|Any CPU = Release|Any CPU
	EndGlobalSection
	GlobalSection(ProjectConfigurationPlatforms) = postSolution
		{C8EF3D23-FEBA-422E-AA5A-C1E3BBFCD107}.Debug|Any CPU.ActiveCfg = Debug|Any CPU
		{C8EF3D23-FEBA-422E-AA5A-C1E3BBFCD107}.Debug|Any CPU.Build.0 = Debug|Any CPU
		{C8EF3D23-FEBA-422E-AA5A-C1E3BBFCD107}.Release|Any CPU.ActiveCfg = Release|Any CPU
		{C8EF3D23-FEBA-422E-AA5A-C1E3BBFCD107}.Release|Any CPU.Build.0 = Release|Any CPU
		{B704E504-7D65-4D71-B9AE-AC274BE10BBA}.Debug|Any CPU.ActiveCfg = Debug|Any CPU
		{B704E504-7D65-4D71-B9AE-AC274BE10BBA}.Debug|Any CPU.Build.0 = Debug|Any CPU
		{B704E504-7D65-4D71-B9AE-AC274BE10BBA}.Release|Any CPU.ActiveCfg = Release|Any CPU
		{B704E504-7D65-4D71-B9AE-AC274BE10BBA}.Release|Any CPU.Build.0 = Release|Any CPU
		{7AB7EECB-B28B-4573-97D4-DF59F19D222A}.Debug|Any CPU.ActiveCfg = Debug|Any CPU
		{7AB7EECB-B28B-4573-97D4-DF59F19D222A}.Debug|Any CPU.Build.0 = Debug|Any CPU
		{7AB7EECB-B28B-4573-97D4-DF59F19D222A}.Release|Any CPU.ActiveCfg = Release|Any CPU
		{7AB7EECB-B28B-4573-97D4-DF59F19D222A}.Release|Any CPU.Build.0 = Release|Any CPU
	EndGlobalSection
	GlobalSection(SolutionProperties) = preSolution
		HideSolutionNode = FALSE
	EndGlobalSection
	GlobalSection(NestedProjects) = preSolution
		{C8EF3D23-FEBA-422E-AA5A-C1E3BBFCD107} = {FED877CE-651E-467E-9C70-224FEB8398D7}
		{B704E504-7D65-4D71-B9AE-AC274BE10BBA} = {FED877CE-651E-467E-9C70-224FEB8398D7}
		{7AB7EECB-B28B-4573-97D4-DF59F19D222A} = {FED877CE-651E-467E-9C70-224FEB8398D7}
	EndGlobalSection
	GlobalSection(ExtensibilityGlobals) = postSolution
		SolutionGuid = {945ED436-222B-4709-BDB8-215106CF0E05}
	EndGlobalSection
EndGlobal
